
Microsoft Visual Studio Solution File, Format Version 12.00
# Visual Studio Version 17
VisualStudioVersion = 17.0.31919.166
MinimumVisualStudioVersion = 10.0.40219.1
Project("{FAE04EC0-301F-11D3-BF4B-00C04F79EFBC}") = "Blazor-moment-1.3", "Blazor-moment-1.3\Blazor-moment-1.3.csproj", "{4BCE57A9-DC87-49C2-BB29-99D237E5E6DE}"
EndProject
Global
	GlobalSection(SolutionConfigurationPlatforms) = preSolution
		Debug|Any CPU = Debug|Any CPU
		Release|Any CPU = Release|Any CPU
	EndGlobalSection
	GlobalSection(ProjectConfigurationPlatforms) = postSolution
		{4BCE57A9-DC87-49C2-BB29-99D237E5E6DE}.Debug|Any CPU.ActiveCfg = Debug|Any CPU
		{4BCE57A9-DC87-49C2-BB29-99D237E5E6DE}.Debug|Any CPU.Build.0 = Debug|Any CPU
		{4BCE57A9-DC87-49C2-BB29-99D237E5E6DE}.Release|Any CPU.ActiveCfg = Release|Any CPU
		{4BCE57A9-DC87-49C2-BB29-99D237E5E6DE}.Release|Any CPU.Build.0 = Release|Any CPU
	EndGlobalSection
	GlobalSection(SolutionProperties) = preSolution
		HideSolutionNode = FALSE
	EndGlobalSection
	GlobalSection(ExtensibilityGlobals) = postSolution
		SolutionGuid = {385EF6D6-6992-4523-9CAA-31DD4D9B5214}
	EndGlobalSection
EndGlobal
